
Microsoft Visual Studio Solution File, Format Version 12.00
# Visual Studio Version 17
VisualStudioVersion = 17.7.34018.315
MinimumVisualStudioVersion = 10.0.40219.1
Project("{9A19103F-16F7-4668-BE54-9A1E7A4F7556}") = "TimimInnovation", "TimimInnovation.csproj", "{285AC7B9-EB18-4AE7-9F44-38B39F956384}"
EndProject
Project("{2150E333-8FDC-42A3-9474-1A3956D46DE8}") = "Solution Items", "Solution Items", "{524C8B39-F27E-4674-8809-D4F48B4D5FB6}"
	ProjectSection(SolutionItems) = preProject
		.editorconfig = .editorconfig
	EndProjectSection
EndProject
Global
	GlobalSection(SolutionConfigurationPlatforms) = preSolution
		Debug|Any CPU = Debug|Any CPU
		Release|Any CPU = Release|Any CPU
	EndGlobalSection
	GlobalSection(ProjectConfigurationPlatforms) = postSolution
		{285AC7B9-EB18-4AE7-9F44-38B39F956384}.Debug|Any CPU.ActiveCfg = Debug|Any CPU
		{285AC7B9-EB18-4AE7-9F44-38B39F956384}.Debug|Any CPU.Build.0 = Debug|Any CPU
		{285AC7B9-EB18-4AE7-9F44-38B39F956384}.Release|Any CPU.ActiveCfg = Release|Any CPU
		{285AC7B9-EB18-4AE7-9F44-38B39F956384}.Release|Any CPU.Build.0 = Release|Any CPU
	EndGlobalSection
	GlobalSection(SolutionProperties) = preSolution
		HideSolutionNode = FALSE
	EndGlobalSection
	GlobalSection(ExtensibilityGlobals) = postSolution
		SolutionGuid = {D7F2A708-6545-42F7-9B04-EBC931B201D7}
	EndGlobalSection
EndGlobal
